
Microsoft Visual Studio Solution File, Format Version 12.00
# Visual Studio Version 17
VisualStudioVersion = 17.10.35004.147
MinimumVisualStudioVersion = 10.0.40219.1
Project("{9A19103F-16F7-4668-BE54-9A1E7A4F7556}") = "OpenApiCrudSample", "OpenApiCrudSample\OpenApiCrudSample.csproj", "{8F3D499D-18EE-453C-A643-C33592675289}"
EndProject
Global
	GlobalSection(SolutionConfigurationPlatforms) = preSolution
		Debug|Any CPU = Debug|Any CPU
		Release|Any CPU = Release|Any CPU
	EndGlobalSection
	GlobalSection(ProjectConfigurationPlatforms) = postSolution
		{8F3D499D-18EE-453C-A643-C33592675289}.Debug|Any CPU.ActiveCfg = Debug|Any CPU
		{8F3D499D-18EE-453C-A643-C33592675289}.Debug|Any CPU.Build.0 = Debug|Any CPU
		{8F3D499D-18EE-453C-A643-C33592675289}.Release|Any CPU.ActiveCfg = Release|Any CPU
		{8F3D499D-18EE-453C-A643-C33592675289}.Release|Any CPU.Build.0 = Release|Any CPU
	EndGlobalSection
	GlobalSection(SolutionProperties) = preSolution
		HideSolutionNode = FALSE
	EndGlobalSection
	GlobalSection(ExtensibilityGlobals) = postSolution
		SolutionGuid = {75FEB421-0AA8-42CC-91AC-D8585E4FA9AC}
	EndGlobalSection
EndGlobal
